
Microsoft Visual Studio Solution File, Format Version 12.00
# Visual Studio Version 17
VisualStudioVersion = 17.0.31903.59
MinimumVisualStudioVersion = 10.0.40219.1
Project("{2150E333-8FDC-42A3-9474-1A3956D46DE8}") = "Services", "Services", "{F0A631CD-29F7-45BB-A48D-FD6926564039}"
EndProject
Project("{2150E333-8FDC-42A3-9474-1A3956D46DE8}") = "Catalog", "Catalog", "{A515F330-D8A7-4DA7-81D9-D1B507C3FC32}"
EndProject
Project("{9A19103F-16F7-4668-BE54-9A1E7A4F7556}") = "Catalog.API", "Services\Catalog\Catalog.API\Catalog.API.csproj", "{F6B21DEA-CA2B-46FA-AA61-36A798CED664}"
EndProject
Project("{E53339B2-1760-4266-BCC7-CA923CBCF16C}") = "docker-compose", "docker-compose.dcproj", "{69E80AB7-7055-49F7-B5D6-2EB6A537B196}"
EndProject
Project("{2150E333-8FDC-42A3-9474-1A3956D46DE8}") = "Basket", "Basket", "{420DD2C9-808A-417B-924F-18BDDB37C402}"
EndProject
Project("{9A19103F-16F7-4668-BE54-9A1E7A4F7556}") = "Basket.API", "Services\Basket\Basket.API\Basket.API.csproj", "{AB986AB1-FBC6-4746-BBC9-1B2F0D468483}"
EndProject
Project("{2150E333-8FDC-42A3-9474-1A3956D46DE8}") = "Discount", "Discount", "{F9D5A5A0-EA46-4C53-BD2D-BE40926FA55B}"
EndProject
Project("{9A19103F-16F7-4668-BE54-9A1E7A4F7556}") = "Discount.API", "Services\Discount\Discount.API\Discount.API.csproj", "{D91EA7F1-AA0E-4D3D-978F-9FB024FDBE0D}"
EndProject
Project("{FAE04EC0-301F-11D3-BF4B-00C04F79EFBC}") = "Discount.Grpc", "Services\Discount\Discount.Grpc\Discount.Grpc.csproj", "{5C58B9A7-05D1-4CA1-AD51-86C3D5696F4D}"
EndProject
Global
	GlobalSection(SolutionConfigurationPlatforms) = preSolution
		Debug|Any CPU = Debug|Any CPU
		Release|Any CPU = Release|Any CPU
	EndGlobalSection
	GlobalSection(ProjectConfigurationPlatforms) = postSolution
		{F6B21DEA-CA2B-46FA-AA61-36A798CED664}.Debug|Any CPU.ActiveCfg = Debug|Any CPU
		{F6B21DEA-CA2B-46FA-AA61-36A798CED664}.Debug|Any CPU.Build.0 = Debug|Any CPU
		{F6B21DEA-CA2B-46FA-AA61-36A798CED664}.Release|Any CPU.ActiveCfg = Release|Any CPU
		{F6B21DEA-CA2B-46FA-AA61-36A798CED664}.Release|Any CPU.Build.0 = Release|Any CPU
		{69E80AB7-7055-49F7-B5D6-2EB6A537B196}.Debug|Any CPU.ActiveCfg = Debug|Any CPU
		{69E80AB7-7055-49F7-B5D6-2EB6A537B196}.Debug|Any CPU.Build.0 = Debug|Any CPU
		{69E80AB7-7055-49F7-B5D6-2EB6A537B196}.Release|Any CPU.ActiveCfg = Release|Any CPU
		{69E80AB7-7055-49F7-B5D6-2EB6A537B196}.Release|Any CPU.Build.0 = Release|Any CPU
		{AB986AB1-FBC6-4746-BBC9-1B2F0D468483}.Debug|Any CPU.ActiveCfg = Debug|Any CPU
		{AB986AB1-FBC6-4746-BBC9-1B2F0D468483}.Debug|Any CPU.Build.0 = Debug|Any CPU
		{AB986AB1-FBC6-4746-BBC9-1B2F0D468483}.Release|Any CPU.ActiveCfg = Release|Any CPU
		{AB986AB1-FBC6-4746-BBC9-1B2F0D468483}.Release|Any CPU.Build.0 = Release|Any CPU
		{D91EA7F1-AA0E-4D3D-978F-9FB024FDBE0D}.Debug|Any CPU.ActiveCfg = Debug|Any CPU
		{D91EA7F1-AA0E-4D3D-978F-9FB024FDBE0D}.Debug|Any CPU.Build.0 = Debug|Any CPU
		{D91EA7F1-AA0E-4D3D-978F-9FB024FDBE0D}.Release|Any CPU.ActiveCfg = Release|Any CPU
		{D91EA7F1-AA0E-4D3D-978F-9FB024FDBE0D}.Release|Any CPU.Build.0 = Release|Any CPU
		{5C58B9A7-05D1-4CA1-AD51-86C3D5696F4D}.Debug|Any CPU.ActiveCfg = Debug|Any CPU
		{5C58B9A7-05D1-4CA1-AD51-86C3D5696F4D}.Debug|Any CPU.Build.0 = Debug|Any CPU
		{5C58B9A7-05D1-4CA1-AD51-86C3D5696F4D}.Release|Any CPU.ActiveCfg = Release|Any CPU
		{5C58B9A7-05D1-4CA1-AD51-86C3D5696F4D}.Release|Any CPU.Build.0 = Release|Any CPU
	EndGlobalSection
	GlobalSection(SolutionProperties) = preSolution
		HideSolutionNode = FALSE
	EndGlobalSection
	GlobalSection(NestedProjects) = preSolution
		{A515F330-D8A7-4DA7-81D9-D1B507C3FC32} = {F0A631CD-29F7-45BB-A48D-FD6926564039}
		{F6B21DEA-CA2B-46FA-AA61-36A798CED664} = {A515F330-D8A7-4DA7-81D9-D1B507C3FC32}
		{420DD2C9-808A-417B-924F-18BDDB37C402} = {F0A631CD-29F7-45BB-A48D-FD6926564039}
		{AB986AB1-FBC6-4746-BBC9-1B2F0D468483} = {420DD2C9-808A-417B-924F-18BDDB37C402}
		{F9D5A5A0-EA46-4C53-BD2D-BE40926FA55B} = {F0A631CD-29F7-45BB-A48D-FD6926564039}
		{D91EA7F1-AA0E-4D3D-978F-9FB024FDBE0D} = {F9D5A5A0-EA46-4C53-BD2D-BE40926FA55B}
		{5C58B9A7-05D1-4CA1-AD51-86C3D5696F4D} = {F9D5A5A0-EA46-4C53-BD2D-BE40926FA55B}
	EndGlobalSection
	GlobalSection(ExtensibilityGlobals) = postSolution
		SolutionGuid = {DCB099FD-DAB3-4ED4-B200-F1BFADAB6DD4}
	EndGlobalSection
EndGlobal
